{
  "nodes": {
    "darwin": {
      "inputs": {
        "nixpkgs": [
          "nixpkgs"
        ]
      },
      "locked": {
        "lastModified": 1773000227,
        "narHash": "sha256-zm3ftUQw0MPumYi91HovoGhgyZBlM4o3Zy0LhPNwzXE=",
        "owner": "lnl7",
        "repo": "nix-darwin",
        "rev": "da529ac9e46f25ed5616fd634079a5f3c579135f",
        "type": "github"
      },
      "original": {
        "owner": "lnl7",
        "repo": "nix-darwin",
        "type": "github"
      }
    },
    "flake-parts": {
      "inputs": {
        "nixpkgs-lib": "nixpkgs-lib"
      },
      "locked": {
        "lastModified": 1772408722,
        "narHash": "sha256-rHuJtdcOjK7rAHpHphUb1iCvgkU3GpfvicLMwwnfMT0=",
        "owner": "hercules-ci",
        "repo": "flake-parts",
        "rev": "f20dc5d9b8027381c474144ecabc9034d6a839a3",
        "type": "github"
      },
      "original": {
        "owner": "hercules-ci",
        "repo": "flake-parts",
        "type": "github"
      }
    },
    "home-manager": {
      "inputs": {
        "nixpkgs": [
          "nixpkgs"
        ]
      },
      "locked": {
        "lastModified": 1774379316,
        "narHash": "sha256-0nGNxWDUH2Hzlj/R3Zf4FEK6fsFNB/dvewuboSRZqiI=",
        "owner": "nix-community",
        "repo": "home-manager",
        "rev": "1eb0549a1ab3fe3f5acf86668249be15fa0e64f7",
        "type": "github"
      },
      "original": {
        "owner": "nix-community",
        "repo": "home-manager",
        "type": "github"
      }
    },
    "nixpkgs": {
      "locked": {
        "lastModified": 1774529059,
        "narHash": "sha256-8FQI+9BpEHMThzidJH0lHS8gc6hgKHguUZmto3OGbGs=",
        "owner": "nixos",
        "repo": "nixpkgs",
        "rev": "760347d96197ffd1fa3a6ee18e6f5f4f73414072",
        "type": "github"
      },
      "original": {
        "owner": "nixos",
        "repo": "nixpkgs",
        "type": "github"
      }
    },
    "nixpkgs-lib": {
      "locked": {
        "lastModified": 1772328832,
        "narHash": "sha256-e+/T/pmEkLP6BHhYjx6GmwP5ivonQQn0bJdH9YrRB+Q=",
        "owner": "nix-community",
        "repo": "nixpkgs.lib",
        "rev": "c185c7a5e5dd8f9add5b2f8ebeff00888b070742",
        "type": "github"
      },
      "original": {
        "owner": "nix-community",
        "repo": "nixpkgs.lib",
        "type": "github"
      }
    },
    "root": {
      "inputs": {
        "darwin": "darwin",
        "flake-parts": "flake-parts",
        "home-manager": "home-manager",
        "nixpkgs": "nixpkgs",
        "sketchybar-app-font": "sketchybar-app-font",
        "sops-nix": "sops-nix",
        "tmux-gruvbox": "tmux-gruvbox"
      }
    },
    "sketchybar-app-font": {
      "flake": false,
      "locked": {
        "lastModified": 1774114845,
        "narHash": "sha256-THZMDucpxvZzLHae7XpDvAkVsircuwWxfaq3E+eFj80=",
        "owner": "kvndrsslr",
        "repo": "sketchybar-app-font",
        "rev": "1d9ad09b4d07db32f2abc8c5f8234724855d4f90",
        "type": "github"
      },
      "original": {
        "owner": "kvndrsslr",
        "repo": "sketchybar-app-font",
        "type": "github"
      }
    },
    "sops-nix": {
      "inputs": {
        "nixpkgs": [
          "nixpkgs"
        ]
      },
      "locked": {
        "lastModified": 1774303811,
        "narHash": "sha256-fhG4JAcLgjKwt+XHbjs8brpWnyKUfU4LikLm3s0Q/ic=",
        "owner": "Mic92",
        "repo": "sops-nix",
        "rev": "614e256310e0a4f8a9ccae3fa80c11844fba7042",
        "type": "github"
      },
      "original": {
        "owner": "Mic92",
        "repo": "sops-nix",
        "type": "github"
      }
    },
    "tmux-gruvbox": {
      "flake": false,
      "locked": {
        "lastModified": 1748517068,
        "narHash": "sha256-TuWPw6sk61k7GnHwN2zH6x6mGurTHiA9f0E6NJfMa6g=",
        "owner": "egel",
        "repo": "tmux-gruvbox",
        "rev": "aeb30c7172a8ed8663409207814cf47d9df10d15",
        "type": "github"
      },
      "original": {
        "owner": "egel",
        "repo": "tmux-gruvbox",
        "type": "github"
      }
    }
  },
  "root": "root",
  "version": 7
}
